
Microsoft Visual Studio Solution File, Format Version 12.00
# Visual Studio Version 17
VisualStudioVersion = 17.0.31903.59
MinimumVisualStudioVersion = 10.0.40219.1
Project("{FAE04EC0-301F-11D3-BF4B-00C04F79EFBC}") = "KLink.App", "KLink.App\KLink.App.csproj", "{EFF70F79-8B2E-400A-9F30-C804813446E6}"
EndProject
Project("{FAE04EC0-301F-11D3-BF4B-00C04F79EFBC}") = "KLink.Server", "KLink.Server\KLink.Server.csproj", "{8192BB68-9032-4DD2-BE85-484961B783D5}"
EndProject
Project("{FAE04EC0-301F-11D3-BF4B-00C04F79EFBC}") = "KLink.Bot", "KLink.Bot\KLink.Bot.csproj", "{D0C2EFD9-4B69-4E23-B5D2-6E9C5C4A4F67}"
EndProject
Global
	GlobalSection(SolutionConfigurationPlatforms) = preSolution
		Debug|Any CPU = Debug|Any CPU
		Debug|x64 = Debug|x64
		Debug|x86 = Debug|x86
		Release|Any CPU = Release|Any CPU
		Release|x64 = Release|x64
		Release|x86 = Release|x86
	EndGlobalSection
	GlobalSection(ProjectConfigurationPlatforms) = postSolution
		{EFF70F79-8B2E-400A-9F30-C804813446E6}.Debug|Any CPU.ActiveCfg = Debug|Any CPU
		{EFF70F79-8B2E-400A-9F30-C804813446E6}.Debug|Any CPU.Build.0 = Debug|Any CPU
		{EFF70F79-8B2E-400A-9F30-C804813446E6}.Debug|x64.ActiveCfg = Debug|Any CPU
		{EFF70F79-8B2E-400A-9F30-C804813446E6}.Debug|x64.Build.0 = Debug|Any CPU
		{EFF70F79-8B2E-400A-9F30-C804813446E6}.Debug|x86.ActiveCfg = Debug|Any CPU
		{EFF70F79-8B2E-400A-9F30-C804813446E6}.Debug|x86.Build.0 = Debug|Any CPU
		{EFF70F79-8B2E-400A-9F30-C804813446E6}.Release|Any CPU.ActiveCfg = Release|Any CPU
		{EFF70F79-8B2E-400A-9F30-C804813446E6}.Release|Any CPU.Build.0 = Release|Any CPU
		{EFF70F79-8B2E-400A-9F30-C804813446E6}.Release|x64.ActiveCfg = Release|Any CPU
		{EFF70F79-8B2E-400A-9F30-C804813446E6}.Release|x64.Build.0 = Release|Any CPU
		{EFF70F79-8B2E-400A-9F30-C804813446E6}.Release|x86.ActiveCfg = Release|Any CPU
		{EFF70F79-8B2E-400A-9F30-C804813446E6}.Release|x86.Build.0 = Release|Any CPU
		{8192BB68-9032-4DD2-BE85-484961B783D5}.Debug|Any CPU.ActiveCfg = Debug|Any CPU
		{8192BB68-9032-4DD2-BE85-484961B783D5}.Debug|Any CPU.Build.0 = Debug|Any CPU
		{8192BB68-9032-4DD2-BE85-484961B783D5}.Debug|x64.ActiveCfg = Debug|Any CPU
		{8192BB68-9032-4DD2-BE85-484961B783D5}.Debug|x64.Build.0 = Debug|Any CPU
		{8192BB68-9032-4DD2-BE85-484961B783D5}.Debug|x86.ActiveCfg = Debug|Any CPU
		{8192BB68-9032-4DD2-BE85-484961B783D5}.Debug|x86.Build.0 = Debug|Any CPU
		{8192BB68-9032-4DD2-BE85-484961B783D5}.Release|Any CPU.ActiveCfg = Release|Any CPU
		{8192BB68-9032-4DD2-BE85-484961B783D5}.Release|Any CPU.Build.0 = Release|Any CPU
		{8192BB68-9032-4DD2-BE85-484961B783D5}.Release|x64.ActiveCfg = Release|Any CPU
		{8192BB68-9032-4DD2-BE85-484961B783D5}.Release|x64.Build.0 = Release|Any CPU
		{8192BB68-9032-4DD2-BE85-484961B783D5}.Release|x86.ActiveCfg = Release|Any CPU
		{8192BB68-9032-4DD2-BE85-484961B783D5}.Release|x86.Build.0 = Release|Any CPU
		{D0C2EFD9-4B69-4E23-B5D2-6E9C5C4A4F67}.Debug|Any CPU.ActiveCfg = Debug|Any CPU
		{D0C2EFD9-4B69-4E23-B5D2-6E9C5C4A4F67}.Debug|Any CPU.Build.0 = Debug|Any CPU
		{D0C2EFD9-4B69-4E23-B5D2-6E9C5C4A4F67}.Debug|x64.ActiveCfg = Debug|Any CPU
		{D0C2EFD9-4B69-4E23-B5D2-6E9C5C4A4F67}.Debug|x64.Build.0 = Debug|Any CPU
		{D0C2EFD9-4B69-4E23-B5D2-6E9C5C4A4F67}.Debug|x86.ActiveCfg = Debug|Any CPU
		{D0C2EFD9-4B69-4E23-B5D2-6E9C5C4A4F67}.Debug|x86.Build.0 = Debug|Any CPU
		{D0C2EFD9-4B69-4E23-B5D2-6E9C5C4A4F67}.Release|Any CPU.ActiveCfg = Release|Any CPU
		{D0C2EFD9-4B69-4E23-B5D2-6E9C5C4A4F67}.Release|Any CPU.Build.0 = Release|Any CPU
		{D0C2EFD9-4B69-4E23-B5D2-6E9C5C4A4F67}.Release|x64.ActiveCfg = Release|Any CPU
		{D0C2EFD9-4B69-4E23-B5D2-6E9C5C4A4F67}.Release|x86.ActiveCfg = Release|Any CPU
	EndGlobalSection
	GlobalSection(SolutionProperties) = preSolution
		HideSolutionNode = FALSE
	EndGlobalSection
EndGlobal
